// !$*UTF8*$!
{
	archiveVersion = 1;
	classes = {
	};
	objectVersion = 50;
	objects = {

/* Begin PBXBuildFile section */
		882BD1DA23943CCB003C54DD /* AppDelegate.swift in Sources */ = {isa = PBXBuildFile; fileRef = 882BD1D923943CCB003C54DD /* AppDelegate.swift */; };
		882BD1DC23943CCB003C54DD /* SceneDelegate.swift in Sources */ = {isa = PBXBuildFile; fileRef = 882BD1DB23943CCB003C54DD /* SceneDelegate.swift */; };
		882BD1DE23943CCB003C54DD /* ContentView.swift in Sources */ = {isa = PBXBuildFile; fileRef = 882BD1DD23943CCB003C54DD /* ContentView.swift */; };
		882BD1E023943CD2003C54DD /* Assets.xcassets in Resources */ = {isa = PBXBuildFile; fileRef = 882BD1DF23943CD2003C54DD /* Assets.xcassets */; };
		882BD1E323943CD2003C54DD /* Preview Assets.xcassets in Resources */ = {isa = PBXBuildFile; fileRef = 882BD1E223943CD2003C54DD /* Preview Assets.xcassets */; };
		882BD1E623943CD2003C54DD /* LaunchScreen.storyboard in Resources */ = {isa = PBXBuildFile; fileRef = 882BD1E423943CD2003C54DD /* LaunchScreen.storyboard */; };
		882BD1F123943CD2003C54DD /* LandmarksTests.swift in Sources */ = {isa = PBXBuildFile; fileRef = 882BD1F023943CD2003C54DD /* LandmarksTests.swift */; };
		882BD1FC23943CD2003C54DD /* LandmarksUITests.swift in Sources */ = {isa = PBXBuildFile; fileRef = 882BD1FB23943CD2003C54DD /* LandmarksUITests.swift */; };
		882BD20A23943DAD003C54DD /* CircleImage.swift in Sources */ = {isa = PBXBuildFile; fileRef = 882BD20923943DAD003C54DD /* CircleImage.swift */; };
		882BD20C23943F1C003C54DD /* MapView.swift in Sources */ = {isa = PBXBuildFile; fileRef = 882BD20B23943F1C003C54DD /* MapView.swift */; };
		882BD20E23943FFE003C54DD /* Landmark.swift in Sources */ = {isa = PBXBuildFile; fileRef = 882BD20D23943FFE003C54DD /* Landmark.swift */; };
		882BD210239440CE003C54DD /* LandmarkDetail.swift in Sources */ = {isa = PBXBuildFile; fileRef = 882BD20F239440CE003C54DD /* LandmarkDetail.swift */; };
		882BD216239441CA003C54DD /* LandmarkRow.swift in Sources */ = {isa = PBXBuildFile; fileRef = 882BD215239441CA003C54DD /* LandmarkRow.swift */; };
		882BD229239445BF003C54DD /* twinlake.jpg in Resources */ = {isa = PBXBuildFile; fileRef = 882BD21C239445BF003C54DD /* twinlake.jpg */; };
		882BD22A239445BF003C54DD /* hiddenlake.jpg in Resources */ = {isa = PBXBuildFile; fileRef = 882BD21D239445BF003C54DD /* hiddenlake.jpg */; };
		882BD22B239445BF003C54DD /* yukon_charleyrivers.jpg in Resources */ = {isa = PBXBuildFile; fileRef = 882BD21E239445BF003C54DD /* yukon_charleyrivers.jpg */; };
		882BD22C239445BF003C54DD /* stmarylake.jpg in Resources */ = {isa = PBXBuildFile; fileRef = 882BD21F239445BF003C54DD /* stmarylake.jpg */; };
		882BD22D239445BF003C54DD /* silversalmoncreek.jpg in Resources */ = {isa = PBXBuildFile; fileRef = 882BD220239445BF003C54DD /* silversalmoncreek.jpg */; };
		882BD22E239445BF003C54DD /* turtlerock.jpg in Resources */ = {isa = PBXBuildFile; fileRef = 882BD221239445BF003C54DD /* turtlerock.jpg */; };
		882BD22F239445BF003C54DD /* lakemcdonald.jpg in Resources */ = {isa = PBXBuildFile; fileRef = 882BD222239445BF003C54DD /* lakemcdonald.jpg */; };
		882BD230239445BF003C54DD /* rainbowlake.jpg in Resources */ = {isa = PBXBuildFile; fileRef = 882BD223239445BF003C54DD /* rainbowlake.jpg */; };
		882BD231239445BF003C54DD /* chilkoottrail.jpg in Resources */ = {isa = PBXBuildFile; fileRef = 882BD224239445BF003C54DD /* chilkoottrail.jpg */; };
		882BD232239445BF003C54DD /* umbagog.jpg in Resources */ = {isa = PBXBuildFile; fileRef = 882BD225239445BF003C54DD /* umbagog.jpg */; };
		882BD233239445BF003C54DD /* chincoteague.jpg in Resources */ = {isa = PBXBuildFile; fileRef = 882BD226239445BF003C54DD /* chincoteague.jpg */; };
		882BD234239445BF003C54DD /* landmarkData.json in Resources */ = {isa = PBXBuildFile; fileRef = 882BD227239445BF003C54DD /* landmarkData.json */; };
		882BD235239445BF003C54DD /* icybay.jpg in Resources */ = {isa = PBXBuildFile; fileRef = 882BD228239445BF003C54DD /* icybay.jpg */; };
		882BD23823944643003C54DD /* Data.swift in Sources */ = {isa = PBXBuildFile; fileRef = 882BD23723944643003C54DD /* Data.swift */; };
		882BD23A239446BF003C54DD /* LandmarkList.swift in Sources */ = {isa = PBXBuildFile; fileRef = 882BD239239446BF003C54DD /* LandmarkList.swift */; };
		882BD23C23944D29003C54DD /* UserData.swift in Sources */ = {isa = PBXBuildFile; fileRef = 882BD23B23944D29003C54DD /* UserData.swift */; };
		889888AB2395676900079577 /* Badge.swift in Sources */ = {isa = PBXBuildFile; fileRef = 889888AA2395676900079577 /* Badge.swift */; };
		889888AD2395678F00079577 /* HexagonParameters.swift in Sources */ = {isa = PBXBuildFile; fileRef = 889888AC2395678E00079577 /* HexagonParameters.swift */; };
		889888AF2395689D00079577 /* BadgeBackground.swift in Sources */ = {isa = PBXBuildFile; fileRef = 889888AE2395689D00079577 /* BadgeBackground.swift */; };
		889888B1239568EE00079577 /* BadgeSymbol.swift in Sources */ = {isa = PBXBuildFile; fileRef = 889888B0239568EE00079577 /* BadgeSymbol.swift */; };
		889888B32395699500079577 /* RotatedBadgeSymbol.swift in Sources */ = {isa = PBXBuildFile; fileRef = 889888B22395699500079577 /* RotatedBadgeSymbol.swift */; };
/* End PBXBuildFile section */

/* Begin PBXContainerItemProxy section */
		882BD1ED23943CD2003C54DD /* PBXContainerItemProxy */ = {
			isa = PBXContainerItemProxy;
			containerPortal = 882BD1CE23943CCB003C54DD /* Project object */;
			proxyType = 1;
			remoteGlobalIDString = 882BD1D523943CCB003C54DD;
			remoteInfo = Landmarks;
		};
		882BD1F823943CD2003C54DD /* PBXContainerItemProxy */ = {
			isa = PBXContainerItemProxy;
			containerPortal = 882BD1CE23943CCB003C54DD /* Project object */;
			proxyType = 1;
			remoteGlobalIDString = 882BD1D523943CCB003C54DD;
			remoteInfo = Landmarks;
		};
/* End PBXContainerItemProxy section */

/* Begin PBXFileReference section */
		882BD1D623943CCB003C54DD /* Landmarks.app */ = {isa = PBXFileReference; explicitFileType = wrapper.application; includeInIndex = 0; path = Landmarks.app; sourceTree = BUILT_PRODUCTS_DIR; };
		882BD1D923943CCB003C54DD /* AppDelegate.swift */ = {isa = PBXFileReference; lastKnownFileType = sourcecode.swift; path = AppDelegate.swift; sourceTree = "<group>"; };
		882BD1DB23943CCB003C54DD /* SceneDelegate.swift */ = {isa = PBXFileReference; lastKnownFileType = sourcecode.swift; path = SceneDelegate.swift; sourceTree = "<group>"; };
		882BD1DD23943CCB003C54DD /* ContentView.swift */ = {isa = PBXFileReference; lastKnownFileType = sourcecode.swift; path = ContentView.swift; sourceTree = "<group>"; };
		882BD1DF23943CD2003C54DD /* Assets.xcassets */ = {isa = PBXFileReference; lastKnownFileType = folder.assetcatalog; path = Assets.xcassets; sourceTree = "<group>"; };
		882BD1E223943CD2003C54DD /* Preview Assets.xcassets */ = {isa = PBXFileReference; lastKnownFileType = folder.assetcatalog; path = "Preview Assets.xcassets"; sourceTree = "<group>"; };
		882BD1E523943CD2003C54DD /* Base */ = {isa = PBXFileReference; lastKnownFileType = file.storyboard; name = Base; path = Base.lproj/LaunchScreen.storyboard; sourceTree = "<group>"; };
		882BD1E723943CD2003C54DD /* Info.plist */ = {isa = PBXFileReference; lastKnownFileType = text.plist.xml; path = Info.plist; sourceTree = "<group>"; };
		882BD1EC23943CD2003C54DD /* LandmarksTests.xctest */ = {isa = PBXFileReference; explicitFileType = wrapper.cfbundle; includeInIndex = 0; path = LandmarksTests.xctest; sourceTree = BUILT_PRODUCTS_DIR; };
		882BD1F023943CD2003C54DD /* LandmarksTests.swift */ = {isa = PBXFileReference; lastKnownFileType = sourcecode.swift; path = LandmarksTests.swift; sourceTree = "<group>"; };
		882BD1F223943CD2003C54DD /* Info.plist */ = {isa = PBXFileReference; lastKnownFileType = text.plist.xml; path = Info.plist; sourceTree = "<group>"; };
		882BD1F723943CD2003C54DD /* LandmarksUITests.xctest */ = {isa = PBXFileReference; explicitFileType = wrapper.cfbundle; includeInIndex = 0; path = LandmarksUITests.xctest; sourceTree = BUILT_PRODUCTS_DIR; };
		882BD1FB23943CD2003C54DD /* LandmarksUITests.swift */ = {isa = PBXFileReference; lastKnownFileType = sourcecode.swift; path = LandmarksUITests.swift; sourceTree = "<group>"; };
		882BD1FD23943CD2003C54DD /* Info.plist */ = {isa = PBXFileReference; lastKnownFileType = text.plist.xml; path = Info.plist; sourceTree = "<group>"; };
		882BD20923943DAD003C54DD /* CircleImage.swift */ = {isa = PBXFileReference; lastKnownFileType = sourcecode.swift; path = CircleImage.swift; sourceTree = "<group>"; };
		882BD20B23943F1C003C54DD /* MapView.swift */ = {isa = PBXFileReference; lastKnownFileType = sourcecode.swift; path = MapView.swift; sourceTree = "<group>"; };
		882BD20D23943FFE003C54DD /* Landmark.swift */ = {isa = PBXFileReference; lastKnownFileType = sourcecode.swift; path = Landmark.swift; sourceTree = "<group>"; };
		882BD20F239440CE003C54DD /* LandmarkDetail.swift */ = {isa = PBXFileReference; lastKnownFileType = sourcecode.swift; path = LandmarkDetail.swift; sourceTree = "<group>"; };
		882BD215239441CA003C54DD /* LandmarkRow.swift */ = {isa = PBXFileReference; lastKnownFileType = sourcecode.swift; path = LandmarkRow.swift; sourceTree = "<group>"; };
		882BD21C239445BF003C54DD /* twinlake.jpg */ = {isa = PBXFileReference; lastKnownFileType = image.jpeg; path = twinlake.jpg; sourceTree = "<group>"; };
		882BD21D239445BF003C54DD /* hiddenlake.jpg */ = {isa = PBXFileReference; lastKnownFileType = image.jpeg; path = hiddenlake.jpg; sourceTree = "<group>"; };
		882BD21E239445BF003C54DD /* yukon_charleyrivers.jpg */ = {isa = PBXFileReference; lastKnownFileType = image.jpeg; path = yukon_charleyrivers.jpg; sourceTree = "<group>"; };
		882BD21F239445BF003C54DD /* stmarylake.jpg */ = {isa = PBXFileReference; lastKnownFileType = image.jpeg; path = stmarylake.jpg; sourceTree = "<group>"; };
		882BD220239445BF003C54DD /* silversalmoncreek.jpg */ = {isa = PBXFileReference; lastKnownFileType = image.jpeg; path = silversalmoncreek.jpg; sourceTree = "<group>"; };
		882BD221239445BF003C54DD /* turtlerock.jpg */ = {isa = PBXFileReference; lastKnownFileType = image.jpeg; path = turtlerock.jpg; sourceTree = "<group>"; };
		882BD222239445BF003C54DD /* lakemcdonald.jpg */ = {isa = PBXFileReference; lastKnownFileType = image.jpeg; path = lakemcdonald.jpg; sourceTree = "<group>"; };
		882BD223239445BF003C54DD /* rainbowlake.jpg */ = {isa = PBXFileReference; lastKnownFileType = image.jpeg; path = rainbowlake.jpg; sourceTree = "<group>"; };
		882BD224239445BF003C54DD /* chilkoottrail.jpg */ = {isa = PBXFileReference; lastKnownFileType = image.jpeg; path = chilkoottrail.jpg; sourceTree = "<group>"; };
		882BD225239445BF003C54DD /* umbagog.jpg */ = {isa = PBXFileReference; lastKnownFileType = image.jpeg; path = umbagog.jpg; sourceTree = "<group>"; };
		882BD226239445BF003C54DD /* chincoteague.jpg */ = {isa = PBXFileReference; lastKnownFileType = image.jpeg; path = chincoteague.jpg; sourceTree = "<group>"; };
		882BD227239445BF003C54DD /* landmarkData.json */ = {isa = PBXFileReference; fileEncoding = 4; lastKnownFileType = text.json; path = landmarkData.json; sourceTree = "<group>"; };
		882BD228239445BF003C54DD /* icybay.jpg */ = {isa = PBXFileReference; lastKnownFileType = image.jpeg; path = icybay.jpg; sourceTree = "<group>"; };
		882BD23723944643003C54DD /* Data.swift */ = {isa = PBXFileReference; lastKnownFileType = sourcecode.swift; path = Data.swift; sourceTree = "<group>"; };
		882BD239239446BF003C54DD /* LandmarkList.swift */ = {isa = PBXFileReference; lastKnownFileType = sourcecode.swift; path = LandmarkList.swift; sourceTree = "<group>"; };
		882BD23B23944D29003C54DD /* UserData.swift */ = {isa = PBXFileReference; lastKnownFileType = sourcecode.swift; path = UserData.swift; sourceTree = "<group>"; };
		889888AA2395676900079577 /* Badge.swift */ = {isa = PBXFileReference; lastKnownFileType = sourcecode.swift; path = Badge.swift; sourceTree = "<group>"; };
		889888AC2395678E00079577 /* HexagonParameters.swift */ = {isa = PBXFileReference; lastKnownFileType = sourcecode.swift; path = HexagonParameters.swift; sourceTree = "<group>"; };
		889888AE2395689D00079577 /* BadgeBackground.swift */ = {isa = PBXFileReference; lastKnownFileType = sourcecode.swift; path = BadgeBackground.swift; sourceTree = "<group>"; };
		889888B0239568EE00079577 /* BadgeSymbol.swift */ = {isa = PBXFileReference; lastKnownFileType = sourcecode.swift; path = BadgeSymbol.swift; sourceTree = "<group>"; };
		889888B22395699500079577 /* RotatedBadgeSymbol.swift */ = {isa = PBXFileReference; lastKnownFileType = sourcecode.swift; path = RotatedBadgeSymbol.swift; sourceTree = "<group>"; };
/* End PBXFileReference section */

/* Begin PBXFrameworksBuildPhase section */
		882BD1D323943CCB003C54DD /* Frameworks */ = {
			isa = PBXFrameworksBuildPhase;
			buildActionMask = 2147483647;
			files = (
			);
			runOnlyForDeploymentPostprocessing = 0;
		};
		882BD1E923943CD2003C54DD /* Frameworks */ = {
			isa = PBXFrameworksBuildPhase;
			buildActionMask = 2147483647;
			files = (
			);
			runOnlyForDeploymentPostprocessing = 0;
		};
		882BD1F423943CD2003C54DD /* Frameworks */ = {
			isa = PBXFrameworksBuildPhase;
			buildActionMask = 2147483647;
			files = (
			);
			runOnlyForDeploymentPostprocessing = 0;
		};
/* End PBXFrameworksBuildPhase section */

/* Begin PBXGroup section */
		882BD1CD23943CCB003C54DD = {
			isa = PBXGroup;
			children = (
				882BD1D823943CCB003C54DD /* Landmarks */,
				882BD1EF23943CD2003C54DD /* LandmarksTests */,
				882BD1FA23943CD2003C54DD /* LandmarksUITests */,
			);
			sourceTree = "<group>";
		};
		882BD1D723943CCB003C54DD /* Products */ = {
			isa = PBXGroup;
			children = (
				882BD1D623943CCB003C54DD /* Landmarks.app */,
				882BD1EC23943CD2003C54DD /* LandmarksTests.xctest */,
				882BD1F723943CD2003C54DD /* LandmarksUITests.xctest */,
			);
			name = Products;
			path = ..;
			sourceTree = "<group>";
		};
		882BD1D823943CCB003C54DD /* Landmarks */ = {
			isa = PBXGroup;
			children = (
				889888B423956AE600079577 /* Badge */,
				882BD23623944626003C54DD /* Models */,
				882BD21B239445A6003C54DD /* Resources */,
				882BD1D923943CCB003C54DD /* AppDelegate.swift */,
				882BD1DB23943CCB003C54DD /* SceneDelegate.swift */,
				882BD1DD23943CCB003C54DD /* ContentView.swift */,
				882BD1DF23943CD2003C54DD /* Assets.xcassets */,
				882BD1E423943CD2003C54DD /* LaunchScreen.storyboard */,
				882BD1E723943CD2003C54DD /* Info.plist */,
				882BD1E123943CD2003C54DD /* Preview Content */,
				882BD20923943DAD003C54DD /* CircleImage.swift */,
				882BD20B23943F1C003C54DD /* MapView.swift */,
				882BD20F239440CE003C54DD /* LandmarkDetail.swift */,
				882BD215239441CA003C54DD /* LandmarkRow.swift */,
				882BD239239446BF003C54DD /* LandmarkList.swift */,
			);
			path = Landmarks;
			sourceTree = "<group>";
		};
		882BD1E123943CD2003C54DD /* Preview Content */ = {
			isa = PBXGroup;
			children = (
				882BD1E223943CD2003C54DD /* Preview Assets.xcassets */,
			);
			path = "Preview Content";
			sourceTree = "<group>";
		};
		882BD1EF23943CD2003C54DD /* LandmarksTests */ = {
			isa = PBXGroup;
			children = (
				882BD1F023943CD2003C54DD /* LandmarksTests.swift */,
				882BD1F223943CD2003C54DD /* Info.plist */,
			);
			path = LandmarksTests;
			sourceTree = "<group>";
		};
		882BD1FA23943CD2003C54DD /* LandmarksUITests */ = {
			isa = PBXGroup;
			children = (
				882BD1FB23943CD2003C54DD /* LandmarksUITests.swift */,
				882BD1D723943CCB003C54DD /* Products */,
				882BD1FD23943CD2003C54DD /* Info.plist */,
			);
			path = LandmarksUITests;
			sourceTree = "<group>";
		};
		882BD21B239445A6003C54DD /* Resources */ = {
			isa = PBXGroup;
			children = (
				882BD224239445BF003C54DD /* chilkoottrail.jpg */,
				882BD226239445BF003C54DD /* chincoteague.jpg */,
				882BD21D239445BF003C54DD /* hiddenlake.jpg */,
				882BD228239445BF003C54DD /* icybay.jpg */,
				882BD222239445BF003C54DD /* lakemcdonald.jpg */,
				882BD227239445BF003C54DD /* landmarkData.json */,
				882BD223239445BF003C54DD /* rainbowlake.jpg */,
				882BD220239445BF003C54DD /* silversalmoncreek.jpg */,
				882BD21F239445BF003C54DD /* stmarylake.jpg */,
				882BD221239445BF003C54DD /* turtlerock.jpg */,
				882BD21C239445BF003C54DD /* twinlake.jpg */,
				882BD225239445BF003C54DD /* umbagog.jpg */,
				882BD21E239445BF003C54DD /* yukon_charleyrivers.jpg */,
			);
			path = Resources;
			sourceTree = "<group>";
		};
		882BD23623944626003C54DD /* Models */ = {
			isa = PBXGroup;
			children = (
				882BD20D23943FFE003C54DD /* Landmark.swift */,
				882BD23723944643003C54DD /* Data.swift */,
				882BD23B23944D29003C54DD /* UserData.swift */,
			);
			path = Models;
			sourceTree = "<group>";
		};
		889888B423956AE600079577 /* Badge */ = {
			isa = PBXGroup;
			children = (
				889888AA2395676900079577 /* Badge.swift */,
				889888AC2395678E00079577 /* HexagonParameters.swift */,
				889888AE2395689D00079577 /* BadgeBackground.swift */,
				889888B0239568EE00079577 /* BadgeSymbol.swift */,
				889888B22395699500079577 /* RotatedBadgeSymbol.swift */,
			);
			path = Badge;
			sourceTree = "<group>";
		};
/* End PBXGroup section */

/* Begin PBXNativeTarget section */
		882BD1D523943CCB003C54DD /* Landmarks */ = {
			isa = PBXNativeTarget;
			buildConfigurationList = 882BD20023943CD2003C54DD /* Build configuration list for PBXNativeTarget "Landmarks" */;
			buildPhases = (
				882BD1D223943CCB003C54DD /* Sources */,
				882BD1D323943CCB003C54DD /* Frameworks */,
				882BD1D423943CCB003C54DD /* Resources */,
			);
			buildRules = (
			);
			dependencies = (
			);
			name = Landmarks;
			productName = Landmarks;
			productReference = 882BD1D623943CCB003C54DD /* Landmarks.app */;
			productType = "com.apple.product-type.application";
		};
		882BD1EB23943CD2003C54DD /* LandmarksTests */ = {
			isa = PBXNativeTarget;
			buildConfigurationList = 882BD20323943CD2003C54DD /* Build configuration list for PBXNativeTarget "LandmarksTests" */;
			buildPhases = (
				882BD1E823943CD2003C54DD /* Sources */,
				882BD1E923943CD2003C54DD /* Frameworks */,
				882BD1EA23943CD2003C54DD /* Resources */,
			);
			buildRules = (
			);
			dependencies = (
				882BD1EE23943CD2003C54DD /* PBXTargetDependency */,
			);
			name = LandmarksTests;
			productName = LandmarksTests;
			productReference = 882BD1EC23943CD2003C54DD /* LandmarksTests.xctest */;
			productType = "com.apple.product-type.bundle.unit-test";
		};
		882BD1F623943CD2003C54DD /* LandmarksUITests */ = {
			isa = PBXNativeTarget;
			buildConfigurationList = 882BD20623943CD2003C54DD /* Build configuration list for PBXNativeTarget "LandmarksUITests" */;
			buildPhases = (
				882BD1F323943CD2003C54DD /* Sources */,
				882BD1F423943CD2003C54DD /* Frameworks */,
				882BD1F523943CD2003C54DD /* Resources */,
			);
			buildRules = (
			);
			dependencies = (
				882BD1F923943CD2003C54DD /* PBXTargetDependency */,
			);
			name = LandmarksUITests;
			productName = LandmarksUITests;
			productReference = 882BD1F723943CD2003C54DD /* LandmarksUITests.xctest */;
			productType = "com.apple.product-type.bundle.ui-testing";
		};
/* End PBXNativeTarget section */

/* Begin PBXProject section */
		882BD1CE23943CCB003C54DD /* Project object */ = {
			isa = PBXProject;
			attributes = {
				KnownAssetTags = (
					New,
				);
				LastSwiftUpdateCheck = 1110;
				LastUpgradeCheck = 1110;
				ORGANIZATIONNAME = "Евгений Отроков";
				TargetAttributes = {
					882BD1D523943CCB003C54DD = {
						CreatedOnToolsVersion = 11.1;
					};
					882BD1EB23943CD2003C54DD = {
						CreatedOnToolsVersion = 11.1;
						TestTargetID = 882BD1D523943CCB003C54DD;
					};
					882BD1F623943CD2003C54DD = {
						CreatedOnToolsVersion = 11.1;
						TestTargetID = 882BD1D523943CCB003C54DD;
					};
				};
			};
			buildConfigurationList = 882BD1D123943CCB003C54DD /* Build configuration list for PBXProject "Landmarks" */;
			compatibilityVersion = "Xcode 9.3";
			developmentRegion = en;
			hasScannedForEncodings = 0;
			knownRegions = (
				en,
				Base,
			);
			mainGroup = 882BD1CD23943CCB003C54DD;
			productRefGroup = 882BD1D723943CCB003C54DD /* Products */;
			projectDirPath = "";
			projectRoot = "";
			targets = (
				882BD1D523943CCB003C54DD /* Landmarks */,
				882BD1EB23943CD2003C54DD /* LandmarksTests */,
				882BD1F623943CD2003C54DD /* LandmarksUITests */,
			);
		};
/* End PBXProject section */

/* Begin PBXResourcesBuildPhase section */
		882BD1D423943CCB003C54DD /* Resources */ = {
			isa = PBXResourcesBuildPhase;
			buildActionMask = 2147483647;
			files = (
				882BD22B239445BF003C54DD /* yukon_charleyrivers.jpg in Resources */,
				882BD230239445BF003C54DD /* rainbowlake.jpg in Resources */,
				882BD232239445BF003C54DD /* umbagog.jpg in Resources */,
				882BD22C239445BF003C54DD /* stmarylake.jpg in Resources */,
				882BD22D239445BF003C54DD /* silversalmoncreek.jpg in Resources */,
				882BD22E239445BF003C54DD /* turtlerock.jpg in Resources */,
				882BD231239445BF003C54DD /* chilkoottrail.jpg in Resources */,
				882BD229239445BF003C54DD /* twinlake.jpg in Resources */,
				882BD233239445BF003C54DD /* chincoteague.jpg in Resources */,
				882BD1E623943CD2003C54DD /* LaunchScreen.storyboard in Resources */,
				882BD22F239445BF003C54DD /* lakemcdonald.jpg in Resources */,
				882BD235239445BF003C54DD /* icybay.jpg in Resources */,
				882BD1E323943CD2003C54DD /* Preview Assets.xcassets in Resources */,
				882BD234239445BF003C54DD /* landmarkData.json in Resources */,
				882BD22A239445BF003C54DD /* hiddenlake.jpg in Resources */,
				882BD1E023943CD2003C54DD /* Assets.xcassets in Resources */,
			);
			runOnlyForDeploymentPostprocessing = 0;
		};
		882BD1EA23943CD2003C54DD /* Resources */ = {
			isa = PBXResourcesBuildPhase;
			buildActionMask = 2147483647;
			files = (
			);
			runOnlyForDeploymentPostprocessing = 0;
		};
		882BD1F523943CD2003C54DD /* Resources */ = {
			isa = PBXResourcesBuildPhase;
			buildActionMask = 2147483647;
			files = (
			);
			runOnlyForDeploymentPostprocessing = 0;
		};
/* End PBXResourcesBuildPhase section */

/* Begin PBXSourcesBuildPhase section */
		882BD1D223943CCB003C54DD /* Sources */ = {
			isa = PBXSourcesBuildPhase;
			buildActionMask = 2147483647;
			files = (
				882BD1DA23943CCB003C54DD /* AppDelegate.swift in Sources */,
				889888AB2395676900079577 /* Badge.swift in Sources */,
				882BD20A23943DAD003C54DD /* CircleImage.swift in Sources */,
				882BD20C23943F1C003C54DD /* MapView.swift in Sources */,
				882BD1DC23943CCB003C54DD /* SceneDelegate.swift in Sources */,
				882BD1DE23943CCB003C54DD /* ContentView.swift in Sources */,
				882BD23C23944D29003C54DD /* UserData.swift in Sources */,
				882BD20E23943FFE003C54DD /* Landmark.swift in Sources */,
				889888B1239568EE00079577 /* BadgeSymbol.swift in Sources */,
				882BD216239441CA003C54DD /* LandmarkRow.swift in Sources */,
				889888AF2395689D00079577 /* BadgeBackground.swift in Sources */,
				889888AD2395678F00079577 /* HexagonParameters.swift in Sources */,
				882BD23823944643003C54DD /* Data.swift in Sources */,
				882BD210239440CE003C54DD /* LandmarkDetail.swift in Sources */,
				882BD23A239446BF003C54DD /* LandmarkList.swift in Sources */,
				889888B32395699500079577 /* RotatedBadgeSymbol.swift in Sources */,
			);
			runOnlyForDeploymentPostprocessing = 0;
		};
		882BD1E823943CD2003C54DD /* Sources */ = {
			isa = PBXSourcesBuildPhase;
			buildActionMask = 2147483647;
			files = (
				882BD1F123943CD2003C54DD /* LandmarksTests.swift in Sources */,
			);
			runOnlyForDeploymentPostprocessing = 0;
		};
		882BD1F323943CD2003C54DD /* Sources */ = {
			isa = PBXSourcesBuildPhase;
			buildActionMask = 2147483647;
			files = (
				882BD1FC23943CD2003C54DD /* LandmarksUITests.swift in Sources */,
			);
			runOnlyForDeploymentPostprocessing = 0;
		};
/* End PBXSourcesBuildPhase section */

/* Begin PBXTargetDependency section */
		882BD1EE23943CD2003C54DD /* PBXTargetDependency */ = {
			isa = PBXTargetDependency;
			target = 882BD1D523943CCB003C54DD /* Landmarks */;
			targetProxy = 882BD1ED23943CD2003C54DD /* PBXContainerItemProxy */;
		};
		882BD1F923943CD2003C54DD /* PBXTargetDependency */ = {
			isa = PBXTargetDependency;
			target = 882BD1D523943CCB003C54DD /* Landmarks */;
			targetProxy = 882BD1F823943CD2003C54DD /* PBXContainerItemProxy */;
		};
/* End PBXTargetDependency section */

/* Begin PBXVariantGroup section */
		882BD1E423943CD2003C54DD /* LaunchScreen.storyboard */ = {
			isa = PBXVariantGroup;
			children = (
				882BD1E523943CD2003C54DD /* Base */,
			);
			name = LaunchScreen.storyboard;
			sourceTree = "<group>";
		};
/* End PBXVariantGroup section */

/* Begin XCBuildConfiguration section */
		882BD1FE23943CD2003C54DD /* Debug */ = {
			isa = XCBuildConfiguration;
			buildSettings = {
				ALWAYS_SEARCH_USER_PATHS = NO;
				CLANG_ANALYZER_NONNULL = YES;
				CLANG_ANALYZER_NUMBER_OBJECT_CONVERSION = YES_AGGRESSIVE;
				CLANG_CXX_LANGUAGE_STANDARD = "gnu++14";
				CLANG_CXX_LIBRARY = "libc++";
				CLANG_ENABLE_MODULES = YES;
				CLANG_ENABLE_OBJC_ARC = YES;
				CLANG_ENABLE_OBJC_WEAK = YES;
				CLANG_WARN_BLOCK_CAPTURE_AUTORELEASING = YES;
				CLANG_WARN_BOOL_CONVERSION = YES;
				CLANG_WARN_COMMA = YES;
				CLANG_WARN_CONSTANT_CONVERSION = YES;
				CLANG_WARN_DEPRECATED_OBJC_IMPLEMENTATIONS = YES;
				CLANG_WARN_DIRECT_OBJC_ISA_USAGE = YES_ERROR;
				CLANG_WARN_DOCUMENTATION_COMMENTS = YES;
				CLANG_WARN_EMPTY_BODY = YES;
				CLANG_WARN_ENUM_CONVERSION = YES;
				CLANG_WARN_INFINITE_RECURSION = YES;
				CLANG_WARN_INT_CONVERSION = YES;
				CLANG_WARN_NON_LITERAL_NULL_CONVERSION = YES;
				CLANG_WARN_OBJC_IMPLICIT_RETAIN_SELF = YES;
				CLANG_WARN_OBJC_LITERAL_CONVERSION = YES;
				CLANG_WARN_OBJC_ROOT_CLASS = YES_ERROR;
				CLANG_WARN_RANGE_LOOP_ANALYSIS = YES;
				CLANG_WARN_STRICT_PROTOTYPES = YES;
				CLANG_WARN_SUSPICIOUS_MOVE = YES;
				CLANG_WARN_UNGUARDED_AVAILABILITY = YES_AGGRESSIVE;
				CLANG_WARN_UNREACHABLE_CODE = YES;
				CLANG_WARN__DUPLICATE_METHOD_MATCH = YES;
				COPY_PHASE_STRIP = NO;
				DEBUG_INFORMATION_FORMAT = dwarf;
				ENABLE_STRICT_OBJC_MSGSEND = YES;
				ENABLE_TESTABILITY = YES;
				GCC_C_LANGUAGE_STANDARD = gnu11;
				GCC_DYNAMIC_NO_PIC = NO;
				GCC_NO_COMMON_BLOCKS = YES;
				GCC_OPTIMIZATION_LEVEL = 0;
				GCC_PREPROCESSOR_DEFINITIONS = (
					"DEBUG=1",
					"$(inherited)",
				);
				GCC_WARN_64_TO_32_BIT_CONVERSION = YES;
				GCC_WARN_ABOUT_RETURN_TYPE = YES_ERROR;
				GCC_WARN_UNDECLARED_SELECTOR = YES;
				GCC_WARN_UNINITIALIZED_AUTOS = YES_AGGRESSIVE;
				GCC_WARN_UNUSED_FUNCTION = YES;
				GCC_WARN_UNUSED_VARIABLE = YES;
				IPHONEOS_DEPLOYMENT_TARGET = 13.1;
				MTL_ENABLE_DEBUG_INFO = INCLUDE_SOURCE;
				MTL_FAST_MATH = YES;
				ONLY_ACTIVE_ARCH = YES;
				SDKROOT = iphoneos;
				SWIFT_ACTIVE_COMPILATION_CONDITIONS = DEBUG;
				SWIFT_OPTIMIZATION_LEVEL = "-Onone";
			};
			name = Debug;
		};
		882BD1FF23943CD2003C54DD /* Release */ = {
			isa = XCBuildConfiguration;
			buildSettings = {
				ALWAYS_SEARCH_USER_PATHS = NO;
				CLANG_ANALYZER_NONNULL = YES;
				CLANG_ANALYZER_NUMBER_OBJECT_CONVERSION = YES_AGGRESSIVE;
				CLANG_CXX_LANGUAGE_STANDARD = "gnu++14";
				CLANG_CXX_LIBRARY = "libc++";
				CLANG_ENABLE_MODULES = YES;
				CLANG_ENABLE_OBJC_ARC = YES;
				CLANG_ENABLE_OBJC_WEAK = YES;
				CLANG_WARN_BLOCK_CAPTURE_AUTORELEASING = YES;
				CLANG_WARN_BOOL_CONVERSION = YES;
				CLANG_WARN_COMMA = YES;
				CLANG_WARN_CONSTANT_CONVERSION = YES;
				CLANG_WARN_DEPRECATED_OBJC_IMPLEMENTATIONS = YES;
				CLANG_WARN_DIRECT_OBJC_ISA_USAGE = YES_ERROR;
				CLANG_WARN_DOCUMENTATION_COMMENTS = YES;
				CLANG_WARN_EMPTY_BODY = YES;
				CLANG_WARN_ENUM_CONVERSION = YES;
				CLANG_WARN_INFINITE_RECURSION = YES;
				CLANG_WARN_INT_CONVERSION = YES;
				CLANG_WARN_NON_LITERAL_NULL_CONVERSION = YES;
				CLANG_WARN_OBJC_IMPLICIT_RETAIN_SELF = YES;
				CLANG_WARN_OBJC_LITERAL_CONVERSION = YES;
				CLANG_WARN_OBJC_ROOT_CLASS = YES_ERROR;
				CLANG_WARN_RANGE_LOOP_ANALYSIS = YES;
				CLANG_WARN_STRICT_PROTOTYPES = YES;
				CLANG_WARN_SUSPICIOUS_MOVE = YES;
				CLANG_WARN_UNGUARDED_AVAILABILITY = YES_AGGRESSIVE;
				CLANG_WARN_UNREACHABLE_CODE = YES;
				CLANG_WARN__DUPLICATE_METHOD_MATCH = YES;
				COPY_PHASE_STRIP = NO;
				DEBUG_INFORMATION_FORMAT = "dwarf-with-dsym";
				ENABLE_NS_ASSERTIONS = NO;
				ENABLE_STRICT_OBJC_MSGSEND = YES;
				GCC_C_LANGUAGE_STANDARD = gnu11;
				GCC_NO_COMMON_BLOCKS = YES;
				GCC_WARN_64_TO_32_BIT_CONVERSION = YES;
				GCC_WARN_ABOUT_RETURN_TYPE = YES_ERROR;
				GCC_WARN_UNDECLARED_SELECTOR = YES;
				GCC_WARN_UNINITIALIZED_AUTOS = YES_AGGRESSIVE;
				GCC_WARN_UNUSED_FUNCTION = YES;
				GCC_WARN_UNUSED_VARIABLE = YES;
				IPHONEOS_DEPLOYMENT_TARGET = 13.1;
				MTL_ENABLE_DEBUG_INFO = NO;
				MTL_FAST_MATH = YES;
				SDKROOT = iphoneos;
				SWIFT_COMPILATION_MODE = wholemodule;
				SWIFT_OPTIMIZATION_LEVEL = "-O";
				VALIDATE_PRODUCT = YES;
			};
			name = Release;
		};
		882BD20123943CD2003C54DD /* Debug */ = {
			isa = XCBuildConfiguration;
			buildSettings = {
				ASSETCATALOG_COMPILER_APPICON_NAME = AppIcon;
				CODE_SIGN_STYLE = Automatic;
				DEVELOPMENT_ASSET_PATHS = "\"Landmarks/Preview Content\"";
				DEVELOPMENT_TEAM = K6JR72RJTK;
				ENABLE_PREVIEWS = YES;
				INFOPLIST_FILE = Landmarks/Info.plist;
				LD_RUNPATH_SEARCH_PATHS = (
					"$(inherited)",
					"@executable_path/Frameworks",
				);
				PRODUCT_BUNDLE_IDENTIFIER = local.Landmarks;
				PRODUCT_NAME = "$(TARGET_NAME)";
				SWIFT_VERSION = 5.0;
				TARGETED_DEVICE_FAMILY = "1,2";
			};
			name = Debug;
		};
		882BD20223943CD2003C54DD /* Release */ = {
			isa = XCBuildConfiguration;
			buildSettings = {
				ASSETCATALOG_COMPILER_APPICON_NAME = AppIcon;
				CODE_SIGN_STYLE = Automatic;
				DEVELOPMENT_ASSET_PATHS = "\"Landmarks/Preview Content\"";
				DEVELOPMENT_TEAM = K6JR72RJTK;
				ENABLE_PREVIEWS = YES;
				INFOPLIST_FILE = Landmarks/Info.plist;
				LD_RUNPATH_SEARCH_PATHS = (
					"$(inherited)",
					"@executable_path/Frameworks",
				);
				PRODUCT_BUNDLE_IDENTIFIER = local.Landmarks;
				PRODUCT_NAME = "$(TARGET_NAME)";
				SWIFT_VERSION = 5.0;
				TARGETED_DEVICE_FAMILY = "1,2";
			};
			name = Release;
		};
		882BD20423943CD2003C54DD /* Debug */ = {
			isa = XCBuildConfiguration;
			buildSettings = {
				ALWAYS_EMBED_SWIFT_STANDARD_LIBRARIES = YES;
				BUNDLE_LOADER = "$(TEST_HOST)";
				CODE_SIGN_STYLE = Automatic;
				DEVELOPMENT_TEAM = K6JR72RJTK;
				INFOPLIST_FILE = LandmarksTests/Info.plist;
				IPHONEOS_DEPLOYMENT_TARGET = 13.1;
				LD_RUNPATH_SEARCH_PATHS = (
					"$(inherited)",
					"@executable_path/Frameworks",
					"@loader_path/Frameworks",
				);
				PRODUCT_BUNDLE_IDENTIFIER = local.LandmarksTests;
				PRODUCT_NAME = "$(TARGET_NAME)";
				SWIFT_VERSION = 5.0;
				TARGETED_DEVICE_FAMILY = "1,2";
				TEST_HOST = "$(BUILT_PRODUCTS_DIR)/Landmarks.app/Landmarks";
			};
			name = Debug;
		};
		882BD20523943CD2003C54DD /* Release */ = {
			isa = XCBuildConfiguration;
			buildSettings = {
				ALWAYS_EMBED_SWIFT_STANDARD_LIBRARIES = YES;
				BUNDLE_LOADER = "$(TEST_HOST)";
				CODE_SIGN_STYLE = Automatic;
				DEVELOPMENT_TEAM = K6JR72RJTK;
				INFOPLIST_FILE = LandmarksTests/Info.plist;
				IPHONEOS_DEPLOYMENT_TARGET = 13.1;
				LD_RUNPATH_SEARCH_PATHS = (
					"$(inherited)",
					"@executable_path/Frameworks",
					"@loader_path/Frameworks",
				);
				PRODUCT_BUNDLE_IDENTIFIER = local.LandmarksTests;
				PRODUCT_NAME = "$(TARGET_NAME)";
				SWIFT_VERSION = 5.0;
				TARGETED_DEVICE_FAMILY = "1,2";
				TEST_HOST = "$(BUILT_PRODUCTS_DIR)/Landmarks.app/Landmarks";
			};
			name = Release;
		};
		882BD20723943CD2003C54DD /* Debug */ = {
			isa = XCBuildConfiguration;
			buildSettings = {
				ALWAYS_EMBED_SWIFT_STANDARD_LIBRARIES = YES;
				CODE_SIGN_STYLE = Automatic;
				DEVELOPMENT_TEAM = K6JR72RJTK;
				INFOPLIST_FILE = LandmarksUITests/Info.plist;
				LD_RUNPATH_SEARCH_PATHS = (
					"$(inherited)",
					"@executable_path/Frameworks",
					"@loader_path/Frameworks",
				);
				PRODUCT_BUNDLE_IDENTIFIER = local.LandmarksUITests;
				PRODUCT_NAME = "$(TARGET_NAME)";
				SWIFT_VERSION = 5.0;
				TARGETED_DEVICE_FAMILY = "1,2";
				TEST_TARGET_NAME = Landmarks;
			};
			name = Debug;
		};
		882BD20823943CD2003C54DD /* Release */ = {
			isa = XCBuildConfiguration;
			buildSettings = {
				ALWAYS_EMBED_SWIFT_STANDARD_LIBRARIES = YES;
				CODE_SIGN_STYLE = Automatic;
				DEVELOPMENT_TEAM = K6JR72RJTK;
				INFOPLIST_FILE = LandmarksUITests/Info.plist;
				LD_RUNPATH_SEARCH_PATHS = (
					"$(inherited)",
					"@executable_path/Frameworks",
					"@loader_path/Frameworks",
				);
				PRODUCT_BUNDLE_IDENTIFIER = local.LandmarksUITests;
				PRODUCT_NAME = "$(TARGET_NAME)";
				SWIFT_VERSION = 5.0;
				TARGETED_DEVICE_FAMILY = "1,2";
				TEST_TARGET_NAME = Landmarks;
			};
			name = Release;
		};
/* End XCBuildConfiguration section */

/* Begin XCConfigurationList section */
		882BD1D123943CCB003C54DD /* Build configuration list for PBXProject "Landmarks" */ = {
			isa = XCConfigurationList;
			buildConfigurations = (
				882BD1FE23943CD2003C54DD /* Debug */,
				882BD1FF23943CD2003C54DD /* Release */,
			);
			defaultConfigurationIsVisible = 0;
			defaultConfigurationName = Release;
		};
		882BD20023943CD2003C54DD /* Build configuration list for PBXNativeTarget "Landmarks" */ = {
			isa = XCConfigurationList;
			buildConfigurations = (
				882BD20123943CD2003C54DD /* Debug */,
				882BD20223943CD2003C54DD /* Release */,
			);
			defaultConfigurationIsVisible = 0;
			defaultConfigurationName = Release;
		};
		882BD20323943CD2003C54DD /* Build configuration list for PBXNativeTarget "LandmarksTests" */ = {
			isa = XCConfigurationList;
			buildConfigurations = (
				882BD20423943CD2003C54DD /* Debug */,
				882BD20523943CD2003C54DD /* Release */,
			);
			defaultConfigurationIsVisible = 0;
			defaultConfigurationName = Release;
		};
		882BD20623943CD2003C54DD /* Build configuration list for PBXNativeTarget "LandmarksUITests" */ = {
			isa = XCConfigurationList;
			buildConfigurations = (
				882BD20723943CD2003C54DD /* Debug */,
				882BD20823943CD2003C54DD /* Release */,
			);
			defaultConfigurationIsVisible = 0;
			defaultConfigurationName = Release;
		};
/* End XCConfigurationList section */
	};
	rootObject = 882BD1CE23943CCB003C54DD /* Project object */;
}
